
Microsoft Visual Studio Solution File, Format Version 12.00
# Visual Studio Version 17
VisualStudioVersion = 17.2.32616.157
MinimumVisualStudioVersion = 10.0.40219.1
Project("{9A19103F-16F7-4668-BE54-9A1E7A4F7556}") = "VoiceLink_VoiceVox", "VoiceLink_VoiceVox.csproj", "{CE63D672-16FC-4927-98D1-3595C8748091}"
EndProject
Global
	GlobalSection(SolutionConfigurationPlatforms) = preSolution
		Debug|Any CPU = Debug|Any CPU
		Release|Any CPU = Release|Any CPU
	EndGlobalSection
	GlobalSection(ProjectConfigurationPlatforms) = postSolution
		{CE63D672-16FC-4927-98D1-3595C8748091}.Debug|Any CPU.ActiveCfg = Debug|Any CPU
		{CE63D672-16FC-4927-98D1-3595C8748091}.Debug|Any CPU.Build.0 = Debug|Any CPU
		{CE63D672-16FC-4927-98D1-3595C8748091}.Release|Any CPU.ActiveCfg = Release|Any CPU
		{CE63D672-16FC-4927-98D1-3595C8748091}.Release|Any CPU.Build.0 = Release|Any CPU
	EndGlobalSection
	GlobalSection(SolutionProperties) = preSolution
		HideSolutionNode = FALSE
	EndGlobalSection
	GlobalSection(ExtensibilityGlobals) = postSolution
		SolutionGuid = {7997B276-0F49-4847-B28A-B0BEF661BDA4}
	EndGlobalSection
EndGlobal
